
Microsoft Visual Studio Solution File, Format Version 12.00
Project("{FAE04EC0-301F-11D3-BF4B-00C04F79EFBC}") = "Pro.Structure.Core", "Pro.Structure.Core\Pro.Structure.Core.csproj", "{DC34E9F9-0400-49D4-A2EE-74A944992C99}"
EndProject
Project("{FAE04EC0-301F-11D3-BF4B-00C04F79EFBC}") = "Pro.Structure.Infrastructure", "Pro.Structure.Infrastructure\Pro.Structure.Infrastructure.csproj", "{7F9DA3EB-B761-421F-A203-3A5D91A07B41}"
EndProject
Project("{FAE04EC0-301F-11D3-BF4B-00C04F79EFBC}") = "Pro.Structure.Web.Api", "Pro.Structure.Web.Api\Pro.Structure.Web.Api.csproj", "{1A068365-F279-44D3-8891-5E336B019729}"
EndProject
Project("{FAE04EC0-301F-11D3-BF4B-00C04F79EFBC}") = "Pro.Structure.Web", "Pro.Structure.Web\Pro.Structure.Web.csproj", "{8A9738BF-DEB3-4FD7-84D9-EA3D28902B34}"
EndProject
Global
	GlobalSection(SolutionConfigurationPlatforms) = preSolution
		Debug|Any CPU = Debug|Any CPU
		Release|Any CPU = Release|Any CPU
	EndGlobalSection
	GlobalSection(ProjectConfigurationPlatforms) = postSolution
		{DC34E9F9-0400-49D4-A2EE-74A944992C99}.Debug|Any CPU.ActiveCfg = Debug|Any CPU
		{DC34E9F9-0400-49D4-A2EE-74A944992C99}.Debug|Any CPU.Build.0 = Debug|Any CPU
		{DC34E9F9-0400-49D4-A2EE-74A944992C99}.Release|Any CPU.ActiveCfg = Release|Any CPU
		{DC34E9F9-0400-49D4-A2EE-74A944992C99}.Release|Any CPU.Build.0 = Release|Any CPU
		{7F9DA3EB-B761-421F-A203-3A5D91A07B41}.Debug|Any CPU.ActiveCfg = Debug|Any CPU
		{7F9DA3EB-B761-421F-A203-3A5D91A07B41}.Debug|Any CPU.Build.0 = Debug|Any CPU
		{7F9DA3EB-B761-421F-A203-3A5D91A07B41}.Release|Any CPU.ActiveCfg = Release|Any CPU
		{7F9DA3EB-B761-421F-A203-3A5D91A07B41}.Release|Any CPU.Build.0 = Release|Any CPU
		{1A068365-F279-44D3-8891-5E336B019729}.Debug|Any CPU.ActiveCfg = Debug|Any CPU
		{1A068365-F279-44D3-8891-5E336B019729}.Debug|Any CPU.Build.0 = Debug|Any CPU
		{1A068365-F279-44D3-8891-5E336B019729}.Release|Any CPU.ActiveCfg = Release|Any CPU
		{1A068365-F279-44D3-8891-5E336B019729}.Release|Any CPU.Build.0 = Release|Any CPU
		{8A9738BF-DEB3-4FD7-84D9-EA3D28902B34}.Debug|Any CPU.ActiveCfg = Debug|Any CPU
		{8A9738BF-DEB3-4FD7-84D9-EA3D28902B34}.Debug|Any CPU.Build.0 = Debug|Any CPU
		{8A9738BF-DEB3-4FD7-84D9-EA3D28902B34}.Release|Any CPU.ActiveCfg = Release|Any CPU
		{8A9738BF-DEB3-4FD7-84D9-EA3D28902B34}.Release|Any CPU.Build.0 = Release|Any CPU
	EndGlobalSection
EndGlobal
